
Microsoft Visual Studio Solution File, Format Version 12.00
# Visual Studio Version 17
VisualStudioVersion = 17.8.34309.116
MinimumVisualStudioVersion = 10.0.40219.1
Project("{2150E333-8FDC-42A3-9474-1A3956D46DE8}") = "Itens de Solução", "Itens de Solução", "{C347EAF9-DBF2-4C18-961D-8D148D0B929D}"
	ProjectSection(SolutionItems) = preProject
		Readme.md = Readme.md
	EndProjectSection
EndProject
Project("{FAE04EC0-301F-11D3-BF4B-00C04F79EFBC}") = "Aula07", "Aula07\Aula07.csproj", "{ABFADA41-7768-48F7-B946-F2BD4B0F0FB2}"
EndProject
Global
	GlobalSection(SolutionConfigurationPlatforms) = preSolution
		Debug|Any CPU = Debug|Any CPU
		Release|Any CPU = Release|Any CPU
	EndGlobalSection
	GlobalSection(ProjectConfigurationPlatforms) = postSolution
		{ABFADA41-7768-48F7-B946-F2BD4B0F0FB2}.Debug|Any CPU.ActiveCfg = Debug|Any CPU
		{ABFADA41-7768-48F7-B946-F2BD4B0F0FB2}.Debug|Any CPU.Build.0 = Debug|Any CPU
		{ABFADA41-7768-48F7-B946-F2BD4B0F0FB2}.Release|Any CPU.ActiveCfg = Release|Any CPU
		{ABFADA41-7768-48F7-B946-F2BD4B0F0FB2}.Release|Any CPU.Build.0 = Release|Any CPU
	EndGlobalSection
	GlobalSection(SolutionProperties) = preSolution
		HideSolutionNode = FALSE
	EndGlobalSection
	GlobalSection(ExtensibilityGlobals) = postSolution
		SolutionGuid = {8F6E220F-B91E-4AF2-A5F2-5F9A939C78B3}
	EndGlobalSection
EndGlobal
