
Microsoft Visual Studio Solution File, Format Version 12.00
# Visual Studio Version 17
VisualStudioVersion = 17.8.34309.116
MinimumVisualStudioVersion = 10.0.40219.1
Project("{FAE04EC0-301F-11D3-BF4B-00C04F79EFBC}") = "Aula08", "Aula08\Aula08.csproj", "{7335D977-E106-4AD9-9D43-A1EFE25C9F4B}"
EndProject
Global
	GlobalSection(SolutionConfigurationPlatforms) = preSolution
		Debug|Any CPU = Debug|Any CPU
		Release|Any CPU = Release|Any CPU
	EndGlobalSection
	GlobalSection(ProjectConfigurationPlatforms) = postSolution
		{7335D977-E106-4AD9-9D43-A1EFE25C9F4B}.Debug|Any CPU.ActiveCfg = Debug|Any CPU
		{7335D977-E106-4AD9-9D43-A1EFE25C9F4B}.Debug|Any CPU.Build.0 = Debug|Any CPU
		{7335D977-E106-4AD9-9D43-A1EFE25C9F4B}.Release|Any CPU.ActiveCfg = Release|Any CPU
		{7335D977-E106-4AD9-9D43-A1EFE25C9F4B}.Release|Any CPU.Build.0 = Release|Any CPU
	EndGlobalSection
	GlobalSection(SolutionProperties) = preSolution
		HideSolutionNode = FALSE
	EndGlobalSection
	GlobalSection(ExtensibilityGlobals) = postSolution
		SolutionGuid = {3619145E-8B7A-4081-89BA-129D159BCACB}
	EndGlobalSection
EndGlobal
